
Microsoft Visual Studio Solution File, Format Version 12.00
# Visual Studio 2012
Project("{FAE04EC0-301F-11D3-BF4B-00C04F79EFBC}") = "KitchenFood_MVC", "KitchenFood_MVC\KitchenFood_MVC.csproj", "{F63C9A49-28B3-44D5-935E-48547AEDF9E8}"
EndProject
Global
	GlobalSection(SolutionConfigurationPlatforms) = preSolution
		Debug|Any CPU = Debug|Any CPU
		Release|Any CPU = Release|Any CPU
	EndGlobalSection
	GlobalSection(ProjectConfigurationPlatforms) = postSolution
		{F63C9A49-28B3-44D5-935E-48547AEDF9E8}.Debug|Any CPU.ActiveCfg = Debug|Any CPU
		{F63C9A49-28B3-44D5-935E-48547AEDF9E8}.Debug|Any CPU.Build.0 = Debug|Any CPU
		{F63C9A49-28B3-44D5-935E-48547AEDF9E8}.Release|Any CPU.ActiveCfg = Release|Any CPU
		{F63C9A49-28B3-44D5-935E-48547AEDF9E8}.Release|Any CPU.Build.0 = Release|Any CPU
	EndGlobalSection
	GlobalSection(SolutionProperties) = preSolution
		HideSolutionNode = FALSE
	EndGlobalSection
EndGlobal
